// !$*UTF8*$!
{
	archiveVersion = 1;
	classes = {
	};
	objectVersion = 46;
	objects = {

/* Begin PBXBuildFile section */
		3C4381E21C3F4F820056DDEC /* AppDelegate.swift in Sources */ = {isa = PBXBuildFile; fileRef = 3C4381E11C3F4F820056DDEC /* AppDelegate.swift */; };
		3C4381E41C3F4F820056DDEC /* PhotosViewController.swift in Sources */ = {isa = PBXBuildFile; fileRef = 3C4381E31C3F4F820056DDEC /* PhotosViewController.swift */; };
		3C4381E71C3F4F820056DDEC /* Main.storyboard in Resources */ = {isa = PBXBuildFile; fileRef = 3C4381E51C3F4F820056DDEC /* Main.storyboard */; };
		3C4381E91C3F4F820056DDEC /* Assets.xcassets in Resources */ = {isa = PBXBuildFile; fileRef = 3C4381E81C3F4F820056DDEC /* Assets.xcassets */; };
		3C4381EC1C3F4F820056DDEC /* LaunchScreen.storyboard in Resources */ = {isa = PBXBuildFile; fileRef = 3C4381EA1C3F4F820056DDEC /* LaunchScreen.storyboard */; };
		3C4381F51C405ADB0056DDEC /* PostCell.swift in Sources */ = {isa = PBXBuildFile; fileRef = 3C4381F41C405ADB0056DDEC /* PostCell.swift */; };
		3C47F8E11C62D572000383FD /* PhotoDetailsViewController.swift in Sources */ = {isa = PBXBuildFile; fileRef = 3C47F8E01C62D572000383FD /* PhotoDetailsViewController.swift */; };
		3C47F8E31C62DA73000383FD /* InfiniteScrollActivityView.swift in Sources */ = {isa = PBXBuildFile; fileRef = 3C47F8E21C62DA73000383FD /* InfiniteScrollActivityView.swift */; };
		E8A15C5C30AAC30BC2AA9588 /* Pods_instagram.framework in Frameworks */ = {isa = PBXBuildFile; fileRef = B19EC787A37C85A70D0F7BD4 /* Pods_instagram.framework */; };
/* End PBXBuildFile section */

/* Begin PBXFileReference section */
		3C4381DE1C3F4F810056DDEC /* instagram.app */ = {isa = PBXFileReference; explicitFileType = wrapper.application; includeInIndex = 0; path = instagram.app; sourceTree = BUILT_PRODUCTS_DIR; };
		3C4381E11C3F4F820056DDEC /* AppDelegate.swift */ = {isa = PBXFileReference; lastKnownFileType = sourcecode.swift; path = AppDelegate.swift; sourceTree = "<group>"; };
		3C4381E31C3F4F820056DDEC /* PhotosViewController.swift */ = {isa = PBXFileReference; lastKnownFileType = sourcecode.swift; path = PhotosViewController.swift; sourceTree = "<group>"; };
		3C4381E61C3F4F820056DDEC /* Base */ = {isa = PBXFileReference; lastKnownFileType = file.storyboard; name = Base; path = Base.lproj/Main.storyboard; sourceTree = "<group>"; };
		3C4381E81C3F4F820056DDEC /* Assets.xcassets */ = {isa = PBXFileReference; lastKnownFileType = folder.assetcatalog; path = Assets.xcassets; sourceTree = "<group>"; };
		3C4381EB1C3F4F820056DDEC /* Base */ = {isa = PBXFileReference; lastKnownFileType = file.storyboard; name = Base; path = Base.lproj/LaunchScreen.storyboard; sourceTree = "<group>"; };
		3C4381ED1C3F4F820056DDEC /* Info.plist */ = {isa = PBXFileReference; lastKnownFileType = text.plist.xml; path = Info.plist; sourceTree = "<group>"; };
		3C4381F41C405ADB0056DDEC /* PostCell.swift */ = {isa = PBXFileReference; fileEncoding = 4; lastKnownFileType = sourcecode.swift; path = PostCell.swift; sourceTree = "<group>"; };
		3C47F8E01C62D572000383FD /* PhotoDetailsViewController.swift */ = {isa = PBXFileReference; fileEncoding = 4; lastKnownFileType = sourcecode.swift; path = PhotoDetailsViewController.swift; sourceTree = "<group>"; };
		3C47F8E21C62DA73000383FD /* InfiniteScrollActivityView.swift */ = {isa = PBXFileReference; fileEncoding = 4; lastKnownFileType = sourcecode.swift; path = InfiniteScrollActivityView.swift; sourceTree = "<group>"; };
		B19EC787A37C85A70D0F7BD4 /* Pods_instagram.framework */ = {isa = PBXFileReference; explicitFileType = wrapper.framework; includeInIndex = 0; path = Pods_instagram.framework; sourceTree = BUILT_PRODUCTS_DIR; };
		BA983E63B6ACE472A48702E2 /* Pods-instagram.debug.xcconfig */ = {isa = PBXFileReference; includeInIndex = 1; lastKnownFileType = text.xcconfig; name = "Pods-instagram.debug.xcconfig"; path = "Pods/Target Support Files/Pods-instagram/Pods-instagram.debug.xcconfig"; sourceTree = "<group>"; };
		C7DCAD8A95F9F3A32D98E480 /* Pods-instagram.release.xcconfig */ = {isa = PBXFileReference; includeInIndex = 1; lastKnownFileType = text.xcconfig; name = "Pods-instagram.release.xcconfig"; path = "Pods/Target Support Files/Pods-instagram/Pods-instagram.release.xcconfig"; sourceTree = "<group>"; };
/* End PBXFileReference section */

/* Begin PBXFrameworksBuildPhase section */
		3C4381DB1C3F4F810056DDEC /* Frameworks */ = {
			isa = PBXFrameworksBuildPhase;
			buildActionMask = 2147483647;
			files = (
				E8A15C5C30AAC30BC2AA9588 /* Pods_instagram.framework in Frameworks */,
			);
			runOnlyForDeploymentPostprocessing = 0;
		};
/* End PBXFrameworksBuildPhase section */

/* Begin PBXGroup section */
		3C4381D51C3F4F810056DDEC = {
			isa = PBXGroup;
			children = (
				3C4381E01C3F4F820056DDEC /* instagram */,
				3C4381DF1C3F4F810056DDEC /* Products */,
				8B1395627F1059618578F417 /* Pods */,
				F6231BDCE2B9221149940641 /* Frameworks */,
			);
			sourceTree = "<group>";
		};
		3C4381DF1C3F4F810056DDEC /* Products */ = {
			isa = PBXGroup;
			children = (
				3C4381DE1C3F4F810056DDEC /* instagram.app */,
			);
			name = Products;
			sourceTree = "<group>";
		};
		3C4381E01C3F4F820056DDEC /* instagram */ = {
			isa = PBXGroup;
			children = (
				3C4381F61C405AE10056DDEC /* controllers */,
				3C4381F31C4059FA0056DDEC /* views */,
				3C4381E11C3F4F820056DDEC /* AppDelegate.swift */,
				3C4381E51C3F4F820056DDEC /* Main.storyboard */,
				3C4381E81C3F4F820056DDEC /* Assets.xcassets */,
				3C4381EA1C3F4F820056DDEC /* LaunchScreen.storyboard */,
				3C4381ED1C3F4F820056DDEC /* Info.plist */,
			);
			path = instagram;
			sourceTree = "<group>";
		};
		3C4381F31C4059FA0056DDEC /* views */ = {
			isa = PBXGroup;
			children = (
				3C4381F41C405ADB0056DDEC /* PostCell.swift */,
				3C47F8E21C62DA73000383FD /* InfiniteScrollActivityView.swift */,
			);
			name = views;
			sourceTree = "<group>";
		};
		3C4381F61C405AE10056DDEC /* controllers */ = {
			isa = PBXGroup;
			children = (
				3C4381E31C3F4F820056DDEC /* PhotosViewController.swift */,
				3C47F8E01C62D572000383FD /* PhotoDetailsViewController.swift */,
			);
			name = controllers;
			sourceTree = "<group>";
		};
		8B1395627F1059618578F417 /* Pods */ = {
			isa = PBXGroup;
			children = (
				BA983E63B6ACE472A48702E2 /* Pods-instagram.debug.xcconfig */,
				C7DCAD8A95F9F3A32D98E480 /* Pods-instagram.release.xcconfig */,
			);
			name = Pods;
			sourceTree = "<group>";
		};
		F6231BDCE2B9221149940641 /* Frameworks */ = {
			isa = PBXGroup;
			children = (
				B19EC787A37C85A70D0F7BD4 /* Pods_instagram.framework */,
			);
			name = Frameworks;
			sourceTree = "<group>";
		};
/* End PBXGroup section */

/* Begin PBXNativeTarget section */
		3C4381DD1C3F4F810056DDEC /* instagram */ = {
			isa = PBXNativeTarget;
			buildConfigurationList = 3C4381F01C3F4F820056DDEC /* Build configuration list for PBXNativeTarget "instagram" */;
			buildPhases = (
				D70317B9EA401A6F755361BF /* Check Pods Manifest.lock */,
				3C4381DA1C3F4F810056DDEC /* Sources */,
				3C4381DB1C3F4F810056DDEC /* Frameworks */,
				3C4381DC1C3F4F810056DDEC /* Resources */,
				1BF0A988A94A60E2D6EAE42D /* Embed Pods Frameworks */,
				553C9750565B3BF8C2EA951B /* Copy Pods Resources */,
			);
			buildRules = (
			);
			dependencies = (
			);
			name = instagram;
			productName = instagram;
			productReference = 3C4381DE1C3F4F810056DDEC /* instagram.app */;
			productType = "com.apple.product-type.application";
		};
/* End PBXNativeTarget section */

/* Begin PBXProject section */
		3C4381D61C3F4F810056DDEC /* Project object */ = {
			isa = PBXProject;
			attributes = {
				LastSwiftUpdateCheck = 0720;
				LastUpgradeCheck = 0720;
				ORGANIZATIONNAME = lyn;
				TargetAttributes = {
					3C4381DD1C3F4F810056DDEC = {
						CreatedOnToolsVersion = 7.2;
						DevelopmentTeam = 5857V887MD;
					};
				};
			};
			buildConfigurationList = 3C4381D91C3F4F810056DDEC /* Build configuration list for PBXProject "instagram" */;
			compatibilityVersion = "Xcode 3.2";
			developmentRegion = English;
			hasScannedForEncodings = 0;
			knownRegions = (
				en,
				Base,
			);
			mainGroup = 3C4381D51C3F4F810056DDEC;
			productRefGroup = 3C4381DF1C3F4F810056DDEC /* Products */;
			projectDirPath = "";
			projectRoot = "";
			targets = (
				3C4381DD1C3F4F810056DDEC /* instagram */,
			);
		};
/* End PBXProject section */

/* Begin PBXResourcesBuildPhase section */
		3C4381DC1C3F4F810056DDEC /* Resources */ = {
			isa = PBXResourcesBuildPhase;
			buildActionMask = 2147483647;
			files = (
				3C4381EC1C3F4F820056DDEC /* LaunchScreen.storyboard in Resources */,
				3C4381E91C3F4F820056DDEC /* Assets.xcassets in Resources */,
				3C4381E71C3F4F820056DDEC /* Main.storyboard in Resources */,
			);
			runOnlyForDeploymentPostprocessing = 0;
		};
/* End PBXResourcesBuildPhase section */

/* Begin PBXShellScriptBuildPhase section */
		1BF0A988A94A60E2D6EAE42D /* Embed Pods Frameworks */ = {
			isa = PBXShellScriptBuildPhase;
			buildActionMask = 2147483647;
			files = (
			);
			inputPaths = (
			);
			name = "Embed Pods Frameworks";
			outputPaths = (
			);
			runOnlyForDeploymentPostprocessing = 0;
			shellPath = /bin/sh;
			shellScript = "\"${SRCROOT}/Pods/Target Support Files/Pods-instagram/Pods-instagram-frameworks.sh\"\n";
			showEnvVarsInLog = 0;
		};
		553C9750565B3BF8C2EA951B /* Copy Pods Resources */ = {
			isa = PBXShellScriptBuildPhase;
			buildActionMask = 2147483647;
			files = (
			);
			inputPaths = (
			);
			name = "Copy Pods Resources";
			outputPaths = (
			);
			runOnlyForDeploymentPostprocessing = 0;
			shellPath = /bin/sh;
			shellScript = "\"${SRCROOT}/Pods/Target Support Files/Pods-instagram/Pods-instagram-resources.sh\"\n";
			showEnvVarsInLog = 0;
		};
		D70317B9EA401A6F755361BF /* Check Pods Manifest.lock */ = {
			isa = PBXShellScriptBuildPhase;
			buildActionMask = 2147483647;
			files = (
			);
			inputPaths = (
			);
			name = "Check Pods Manifest.lock";
			outputPaths = (
			);
			runOnlyForDeploymentPostprocessing = 0;
			shellPath = /bin/sh;
			shellScript = "diff \"${PODS_ROOT}/../Podfile.lock\" \"${PODS_ROOT}/Manifest.lock\" > /dev/null\nif [[ $? != 0 ]] ; then\n    cat << EOM\nerror: The sandbox is not in sync with the Podfile.lock. Run 'pod install' or update your CocoaPods installation.\nEOM\n    exit 1\nfi\n";
			showEnvVarsInLog = 0;
		};
/* End PBXShellScriptBuildPhase section */

/* Begin PBXSourcesBuildPhase section */
		3C4381DA1C3F4F810056DDEC /* Sources */ = {
			isa = PBXSourcesBuildPhase;
			buildActionMask = 2147483647;
			files = (
				3C47F8E31C62DA73000383FD /* InfiniteScrollActivityView.swift in Sources */,
				3C47F8E11C62D572000383FD /* PhotoDetailsViewController.swift in Sources */,
				3C4381E41C3F4F820056DDEC /* PhotosViewController.swift in Sources */,
				3C4381E21C3F4F820056DDEC /* AppDelegate.swift in Sources */,
				3C4381F51C405ADB0056DDEC /* PostCell.swift in Sources */,
			);
			runOnlyForDeploymentPostprocessing = 0;
		};
/* End PBXSourcesBuildPhase section */

/* Begin PBXVariantGroup section */
		3C4381E51C3F4F820056DDEC /* Main.storyboard */ = {
			isa = PBXVariantGroup;
			children = (
				3C4381E61C3F4F820056DDEC /* Base */,
			);
			name = Main.storyboard;
			sourceTree = "<group>";
		};
		3C4381EA1C3F4F820056DDEC /* LaunchScreen.storyboard */ = {
			isa = PBXVariantGroup;
			children = (
				3C4381EB1C3F4F820056DDEC /* Base */,
			);
			name = LaunchScreen.storyboard;
			sourceTree = "<group>";
		};
/* End PBXVariantGroup section */

/* Begin XCBuildConfiguration section */
		3C4381EE1C3F4F820056DDEC /* Debug */ = {
			isa = XCBuildConfiguration;
			buildSettings = {
				ALWAYS_SEARCH_USER_PATHS = NO;
				CLANG_CXX_LANGUAGE_STANDARD = "gnu++0x";
				CLANG_CXX_LIBRARY = "libc++";
				CLANG_ENABLE_MODULES = YES;
				CLANG_ENABLE_OBJC_ARC = YES;
				CLANG_WARN_BOOL_CONVERSION = YES;
				CLANG_WARN_CONSTANT_CONVERSION = YES;
				CLANG_WARN_DIRECT_OBJC_ISA_USAGE = YES_ERROR;
				CLANG_WARN_EMPTY_BODY = YES;
				CLANG_WARN_ENUM_CONVERSION = YES;
				CLANG_WARN_INT_CONVERSION = YES;
				CLANG_WARN_OBJC_ROOT_CLASS = YES_ERROR;
				CLANG_WARN_UNREACHABLE_CODE = YES;
				CLANG_WARN__DUPLICATE_METHOD_MATCH = YES;
				"CODE_SIGN_IDENTITY[sdk=iphoneos*]" = "iPhone Developer";
				COPY_PHASE_STRIP = NO;
				DEBUG_INFORMATION_FORMAT = dwarf;
				ENABLE_STRICT_OBJC_MSGSEND = YES;
				ENABLE_TESTABILITY = YES;
				GCC_C_LANGUAGE_STANDARD = gnu99;
				GCC_DYNAMIC_NO_PIC = NO;
				GCC_NO_COMMON_BLOCKS = YES;
				GCC_OPTIMIZATION_LEVEL = 0;
				GCC_PREPROCESSOR_DEFINITIONS = (
					"DEBUG=1",
					"$(inherited)",
				);
				GCC_WARN_64_TO_32_BIT_CONVERSION = YES;
				GCC_WARN_ABOUT_RETURN_TYPE = YES_ERROR;
				GCC_WARN_UNDECLARED_SELECTOR = YES;
				GCC_WARN_UNINITIALIZED_AUTOS = YES_AGGRESSIVE;
				GCC_WARN_UNUSED_FUNCTION = YES;
				GCC_WARN_UNUSED_VARIABLE = YES;
				IPHONEOS_DEPLOYMENT_TARGET = 9.2;
				MTL_ENABLE_DEBUG_INFO = YES;
				ONLY_ACTIVE_ARCH = YES;
				SDKROOT = iphoneos;
				SWIFT_OPTIMIZATION_LEVEL = "-Onone";
				TARGETED_DEVICE_FAMILY = "1,2";
			};
			name = Debug;
		};
		3C4381EF1C3F4F820056DDEC /* Release */ = {
			isa = XCBuildConfiguration;
			buildSettings = {
				ALWAYS_SEARCH_USER_PATHS = NO;
				CLANG_CXX_LANGUAGE_STANDARD = "gnu++0x";
				CLANG_CXX_LIBRARY = "libc++";
				CLANG_ENABLE_MODULES = YES;
				CLANG_ENABLE_OBJC_ARC = YES;
				CLANG_WARN_BOOL_CONVERSION = YES;
				CLANG_WARN_CONSTANT_CONVERSION = YES;
				CLANG_WARN_DIRECT_OBJC_ISA_USAGE = YES_ERROR;
				CLANG_WARN_EMPTY_BODY = YES;
				CLANG_WARN_ENUM_CONVERSION = YES;
				CLANG_WARN_INT_CONVERSION = YES;
				CLANG_WARN_OBJC_ROOT_CLASS = YES_ERROR;
				CLANG_WARN_UNREACHABLE_CODE = YES;
				CLANG_WARN__DUPLICATE_METHOD_MATCH = YES;
				"CODE_SIGN_IDENTITY[sdk=iphoneos*]" = "iPhone Developer";
				COPY_PHASE_STRIP = NO;
				DEBUG_INFORMATION_FORMAT = "dwarf-with-dsym";
				ENABLE_NS_ASSERTIONS = NO;
				ENABLE_STRICT_OBJC_MSGSEND = YES;
				GCC_C_LANGUAGE_STANDARD = gnu99;
				GCC_NO_COMMON_BLOCKS = YES;
				GCC_WARN_64_TO_32_BIT_CONVERSION = YES;
				GCC_WARN_ABOUT_RETURN_TYPE = YES_ERROR;
				GCC_WARN_UNDECLARED_SELECTOR = YES;
				GCC_WARN_UNINITIALIZED_AUTOS = YES_AGGRESSIVE;
				GCC_WARN_UNUSED_FUNCTION = YES;
				GCC_WARN_UNUSED_VARIABLE = YES;
				IPHONEOS_DEPLOYMENT_TARGET = 9.2;
				MTL_ENABLE_DEBUG_INFO = NO;
				SDKROOT = iphoneos;
				TARGETED_DEVICE_FAMILY = "1,2";
				VALIDATE_PRODUCT = YES;
			};
			name = Release;
		};
		3C4381F11C3F4F820056DDEC /* Debug */ = {
			isa = XCBuildConfiguration;
			baseConfigurationReference = BA983E63B6ACE472A48702E2 /* Pods-instagram.debug.xcconfig */;
			buildSettings = {
				ASSETCATALOG_COMPILER_APPICON_NAME = AppIcon;
				INFOPLIST_FILE = instagram/Info.plist;
				LD_RUNPATH_SEARCH_PATHS = "$(inherited) @executable_path/Frameworks";
				PRODUCT_BUNDLE_IDENTIFIER = lyn.instagram;
				PRODUCT_NAME = "$(TARGET_NAME)";
			};
			name = Debug;
		};
		3C4381F21C3F4F820056DDEC /* Release */ = {
			isa = XCBuildConfiguration;
			baseConfigurationReference = C7DCAD8A95F9F3A32D98E480 /* Pods-instagram.release.xcconfig */;
			buildSettings = {
				ASSETCATALOG_COMPILER_APPICON_NAME = AppIcon;
				INFOPLIST_FILE = instagram/Info.plist;
				LD_RUNPATH_SEARCH_PATHS = "$(inherited) @executable_path/Frameworks";
				PRODUCT_BUNDLE_IDENTIFIER = lyn.instagram;
				PRODUCT_NAME = "$(TARGET_NAME)";
			};
			name = Release;
		};
/* End XCBuildConfiguration section */

/* Begin XCConfigurationList section */
		3C4381D91C3F4F810056DDEC /* Build configuration list for PBXProject "instagram" */ = {
			isa = XCConfigurationList;
			buildConfigurations = (
				3C4381EE1C3F4F820056DDEC /* Debug */,
				3C4381EF1C3F4F820056DDEC /* Release */,
			);
			defaultConfigurationIsVisible = 0;
			defaultConfigurationName = Release;
		};
		3C4381F01C3F4F820056DDEC /* Build configuration list for PBXNativeTarget "instagram" */ = {
			isa = XCConfigurationList;
			buildConfigurations = (
				3C4381F11C3F4F820056DDEC /* Debug */,
				3C4381F21C3F4F820056DDEC /* Release */,
			);
			defaultConfigurationIsVisible = 0;
			defaultConfigurationName = Release;
		};
/* End XCConfigurationList section */
	};
	rootObject = 3C4381D61C3F4F810056DDEC /* Project object */;
}
